
Microsoft Visual Studio Solution File, Format Version 12.00
# Visual Studio 2013
VisualStudioVersion = 12.0.21005.1
MinimumVisualStudioVersion = 10.0.40219.1
Project("{8BC9CEB8-8B4A-11D0-8D11-00A0C91BC942}") = "关于字符串的旋转", "关于字符串的旋转\关于字符串的旋转.vcxproj", "{F05B07B2-CA6C-4E88-9472-6A3807D8A53F}"
EndProject
Global
	GlobalSection(SolutionConfigurationPlatforms) = preSolution
		Debug|Win32 = Debug|Win32
		Release|Win32 = Release|Win32
	EndGlobalSection
	GlobalSection(ProjectConfigurationPlatforms) = postSolution
		{F05B07B2-CA6C-4E88-9472-6A3807D8A53F}.Debug|Win32.ActiveCfg = Debug|Win32
		{F05B07B2-CA6C-4E88-9472-6A3807D8A53F}.Debug|Win32.Build.0 = Debug|Win32
		{F05B07B2-CA6C-4E88-9472-6A3807D8A53F}.Release|Win32.ActiveCfg = Release|Win32
		{F05B07B2-CA6C-4E88-9472-6A3807D8A53F}.Release|Win32.Build.0 = Release|Win32
	EndGlobalSection
	GlobalSection(SolutionProperties) = preSolution
		HideSolutionNode = FALSE
	EndGlobalSection
EndGlobal
